// !$*UTF8*$!
{
	archiveVersion = 1;
	classes = {
	};
	objectVersion = 46;
	objects = {

/* Begin PBXBuildFile section */
		07A5013D1D179BAF0018FE5C /* main.m in Sources */ = {isa = PBXBuildFile; fileRef = 07A5013C1D179BAF0018FE5C /* main.m */; };
		07A501401D179BAF0018FE5C /* AppDelegate.m in Sources */ = {isa = PBXBuildFile; fileRef = 07A5013F1D179BAF0018FE5C /* AppDelegate.m */; };
		07A501431D179BAF0018FE5C /* ViewController.m in Sources */ = {isa = PBXBuildFile; fileRef = 07A501421D179BAF0018FE5C /* ViewController.m */; };
		07A501461D179BAF0018FE5C /* Main.storyboard in Resources */ = {isa = PBXBuildFile; fileRef = 07A501441D179BAF0018FE5C /* Main.storyboard */; };
		07A5014B1D179BAF0018FE5C /* LaunchScreen.storyboard in Resources */ = {isa = PBXBuildFile; fileRef = 07A501491D179BAF0018FE5C /* LaunchScreen.storyboard */; };
		07A501561D179BAF0018FE5C /* CustomeCollectionFlowLayoutTests.m in Sources */ = {isa = PBXBuildFile; fileRef = 07A501551D179BAF0018FE5C /* CustomeCollectionFlowLayoutTests.m */; };
		07A501611D179BAF0018FE5C /* CustomeCollectionFlowLayoutUITests.m in Sources */ = {isa = PBXBuildFile; fileRef = 07A501601D179BAF0018FE5C /* CustomeCollectionFlowLayoutUITests.m */; };
		07A501701D179BEE0018FE5C /* SLGridLayout.m in Sources */ = {isa = PBXBuildFile; fileRef = 07A5016F1D179BEE0018FE5C /* SLGridLayout.m */; };
		07A501741D179C270018FE5C /* SLPhotoCell.m in Sources */ = {isa = PBXBuildFile; fileRef = 07A501721D179C270018FE5C /* SLPhotoCell.m */; };
		07A501751D179C270018FE5C /* SLPhotoCell.xib in Resources */ = {isa = PBXBuildFile; fileRef = 07A501731D179C270018FE5C /* SLPhotoCell.xib */; };
		07A501771D17A2820018FE5C /* Assets.xcassets in Resources */ = {isa = PBXBuildFile; fileRef = 07A501761D17A2820018FE5C /* Assets.xcassets */; };
/* End PBXBuildFile section */

/* Begin PBXContainerItemProxy section */
		07A501521D179BAF0018FE5C /* PBXContainerItemProxy */ = {
			isa = PBXContainerItemProxy;
			containerPortal = 07A501301D179BAF0018FE5C /* Project object */;
			proxyType = 1;
			remoteGlobalIDString = 07A501371D179BAF0018FE5C;
			remoteInfo = CustomeCollectionFlowLayout;
		};
		07A5015D1D179BAF0018FE5C /* PBXContainerItemProxy */ = {
			isa = PBXContainerItemProxy;
			containerPortal = 07A501301D179BAF0018FE5C /* Project object */;
			proxyType = 1;
			remoteGlobalIDString = 07A501371D179BAF0018FE5C;
			remoteInfo = CustomeCollectionFlowLayout;
		};
/* End PBXContainerItemProxy section */

/* Begin PBXFileReference section */
		07A501381D179BAF0018FE5C /* CustomeCollectionFlowLayout.app */ = {isa = PBXFileReference; explicitFileType = wrapper.application; includeInIndex = 0; path = CustomeCollectionFlowLayout.app; sourceTree = BUILT_PRODUCTS_DIR; };
		07A5013C1D179BAF0018FE5C /* main.m */ = {isa = PBXFileReference; lastKnownFileType = sourcecode.c.objc; path = main.m; sourceTree = "<group>"; };
		07A5013E1D179BAF0018FE5C /* AppDelegate.h */ = {isa = PBXFileReference; lastKnownFileType = sourcecode.c.h; path = AppDelegate.h; sourceTree = "<group>"; };
		07A5013F1D179BAF0018FE5C /* AppDelegate.m */ = {isa = PBXFileReference; lastKnownFileType = sourcecode.c.objc; path = AppDelegate.m; sourceTree = "<group>"; };
		07A501411D179BAF0018FE5C /* ViewController.h */ = {isa = PBXFileReference; lastKnownFileType = sourcecode.c.h; path = ViewController.h; sourceTree = "<group>"; };
		07A501421D179BAF0018FE5C /* ViewController.m */ = {isa = PBXFileReference; lastKnownFileType = sourcecode.c.objc; path = ViewController.m; sourceTree = "<group>"; };
		07A501451D179BAF0018FE5C /* Base */ = {isa = PBXFileReference; lastKnownFileType = file.storyboard; name = Base; path = Base.lproj/Main.storyboard; sourceTree = "<group>"; };
		07A5014A1D179BAF0018FE5C /* Base */ = {isa = PBXFileReference; lastKnownFileType = file.storyboard; name = Base; path = Base.lproj/LaunchScreen.storyboard; sourceTree = "<group>"; };
		07A5014C1D179BAF0018FE5C /* Info.plist */ = {isa = PBXFileReference; lastKnownFileType = text.plist.xml; path = Info.plist; sourceTree = "<group>"; };
		07A501511D179BAF0018FE5C /* CustomeCollectionFlowLayoutTests.xctest */ = {isa = PBXFileReference; explicitFileType = wrapper.cfbundle; includeInIndex = 0; path = CustomeCollectionFlowLayoutTests.xctest; sourceTree = BUILT_PRODUCTS_DIR; };
		07A501551D179BAF0018FE5C /* CustomeCollectionFlowLayoutTests.m */ = {isa = PBXFileReference; lastKnownFileType = sourcecode.c.objc; path = CustomeCollectionFlowLayoutTests.m; sourceTree = "<group>"; };
		07A501571D179BAF0018FE5C /* Info.plist */ = {isa = PBXFileReference; lastKnownFileType = text.plist.xml; path = Info.plist; sourceTree = "<group>"; };
		07A5015C1D179BAF0018FE5C /* CustomeCollectionFlowLayoutUITests.xctest */ = {isa = PBXFileReference; explicitFileType = wrapper.cfbundle; includeInIndex = 0; path = CustomeCollectionFlowLayoutUITests.xctest; sourceTree = BUILT_PRODUCTS_DIR; };
		07A501601D179BAF0018FE5C /* CustomeCollectionFlowLayoutUITests.m */ = {isa = PBXFileReference; lastKnownFileType = sourcecode.c.objc; path = CustomeCollectionFlowLayoutUITests.m; sourceTree = "<group>"; };
		07A501621D179BAF0018FE5C /* Info.plist */ = {isa = PBXFileReference; lastKnownFileType = text.plist.xml; path = Info.plist; sourceTree = "<group>"; };
		07A5016E1D179BEE0018FE5C /* SLGridLayout.h */ = {isa = PBXFileReference; fileEncoding = 4; lastKnownFileType = sourcecode.c.h; path = SLGridLayout.h; sourceTree = "<group>"; };
		07A5016F1D179BEE0018FE5C /* SLGridLayout.m */ = {isa = PBXFileReference; fileEncoding = 4; lastKnownFileType = sourcecode.c.objc; path = SLGridLayout.m; sourceTree = "<group>"; };
		07A501711D179C270018FE5C /* SLPhotoCell.h */ = {isa = PBXFileReference; fileEncoding = 4; lastKnownFileType = sourcecode.c.h; path = SLPhotoCell.h; sourceTree = "<group>"; };
		07A501721D179C270018FE5C /* SLPhotoCell.m */ = {isa = PBXFileReference; fileEncoding = 4; lastKnownFileType = sourcecode.c.objc; path = SLPhotoCell.m; sourceTree = "<group>"; };
		07A501731D179C270018FE5C /* SLPhotoCell.xib */ = {isa = PBXFileReference; fileEncoding = 4; lastKnownFileType = file.xib; path = SLPhotoCell.xib; sourceTree = "<group>"; };
		07A501761D17A2820018FE5C /* Assets.xcassets */ = {isa = PBXFileReference; lastKnownFileType = folder.assetcatalog; path = Assets.xcassets; sourceTree = "<group>"; };
/* End PBXFileReference section */

/* Begin PBXFrameworksBuildPhase section */
		07A501351D179BAF0018FE5C /* Frameworks */ = {
			isa = PBXFrameworksBuildPhase;
			buildActionMask = 2147483647;
			files = (
			);
			runOnlyForDeploymentPostprocessing = 0;
		};
		07A5014E1D179BAF0018FE5C /* Frameworks */ = {
			isa = PBXFrameworksBuildPhase;
			buildActionMask = 2147483647;
			files = (
			);
			runOnlyForDeploymentPostprocessing = 0;
		};
		07A501591D179BAF0018FE5C /* Frameworks */ = {
			isa = PBXFrameworksBuildPhase;
			buildActionMask = 2147483647;
			files = (
			);
			runOnlyForDeploymentPostprocessing = 0;
		};
/* End PBXFrameworksBuildPhase section */

/* Begin PBXGroup section */
		07A5012F1D179BAF0018FE5C = {
			isa = PBXGroup;
			children = (
				07A5013A1D179BAF0018FE5C /* CustomeCollectionFlowLayout */,
				07A501541D179BAF0018FE5C /* CustomeCollectionFlowLayoutTests */,
				07A5015F1D179BAF0018FE5C /* CustomeCollectionFlowLayoutUITests */,
				07A501391D179BAF0018FE5C /* Products */,
			);
			sourceTree = "<group>";
		};
		07A501391D179BAF0018FE5C /* Products */ = {
			isa = PBXGroup;
			children = (
				07A501381D179BAF0018FE5C /* CustomeCollectionFlowLayout.app */,
				07A501511D179BAF0018FE5C /* CustomeCollectionFlowLayoutTests.xctest */,
				07A5015C1D179BAF0018FE5C /* CustomeCollectionFlowLayoutUITests.xctest */,
			);
			name = Products;
			sourceTree = "<group>";
		};
		07A5013A1D179BAF0018FE5C /* CustomeCollectionFlowLayout */ = {
			isa = PBXGroup;
			children = (
				07A5013E1D179BAF0018FE5C /* AppDelegate.h */,
				07A5013F1D179BAF0018FE5C /* AppDelegate.m */,
				07A501411D179BAF0018FE5C /* ViewController.h */,
				07A501421D179BAF0018FE5C /* ViewController.m */,
				07A501441D179BAF0018FE5C /* Main.storyboard */,
				07A5016E1D179BEE0018FE5C /* SLGridLayout.h */,
				07A5016F1D179BEE0018FE5C /* SLGridLayout.m */,
				07A501711D179C270018FE5C /* SLPhotoCell.h */,
				07A501721D179C270018FE5C /* SLPhotoCell.m */,
				07A501731D179C270018FE5C /* SLPhotoCell.xib */,
				07A501761D17A2820018FE5C /* Assets.xcassets */,
				07A501491D179BAF0018FE5C /* LaunchScreen.storyboard */,
				07A5014C1D179BAF0018FE5C /* Info.plist */,
				07A5013B1D179BAF0018FE5C /* Supporting Files */,
			);
			path = CustomeCollectionFlowLayout;
			sourceTree = "<group>";
		};
		07A5013B1D179BAF0018FE5C /* Supporting Files */ = {
			isa = PBXGroup;
			children = (
				07A5013C1D179BAF0018FE5C /* main.m */,
			);
			name = "Supporting Files";
			sourceTree = "<group>";
		};
		07A501541D179BAF0018FE5C /* CustomeCollectionFlowLayoutTests */ = {
			isa = PBXGroup;
			children = (
				07A501551D179BAF0018FE5C /* CustomeCollectionFlowLayoutTests.m */,
				07A501571D179BAF0018FE5C /* Info.plist */,
			);
			path = CustomeCollectionFlowLayoutTests;
			sourceTree = "<group>";
		};
		07A5015F1D179BAF0018FE5C /* CustomeCollectionFlowLayoutUITests */ = {
			isa = PBXGroup;
			children = (
				07A501601D179BAF0018FE5C /* CustomeCollectionFlowLayoutUITests.m */,
				07A501621D179BAF0018FE5C /* Info.plist */,
			);
			path = CustomeCollectionFlowLayoutUITests;
			sourceTree = "<group>";
		};
/* End PBXGroup section */

/* Begin PBXNativeTarget section */
		07A501371D179BAF0018FE5C /* CustomeCollectionFlowLayout */ = {
			isa = PBXNativeTarget;
			buildConfigurationList = 07A501651D179BAF0018FE5C /* Build configuration list for PBXNativeTarget "CustomeCollectionFlowLayout" */;
			buildPhases = (
				07A501341D179BAF0018FE5C /* Sources */,
				07A501351D179BAF0018FE5C /* Frameworks */,
				07A501361D179BAF0018FE5C /* Resources */,
			);
			buildRules = (
			);
			dependencies = (
			);
			name = CustomeCollectionFlowLayout;
			productName = CustomeCollectionFlowLayout;
			productReference = 07A501381D179BAF0018FE5C /* CustomeCollectionFlowLayout.app */;
			productType = "com.apple.product-type.application";
		};
		07A501501D179BAF0018FE5C /* CustomeCollectionFlowLayoutTests */ = {
			isa = PBXNativeTarget;
			buildConfigurationList = 07A501681D179BAF0018FE5C /* Build configuration list for PBXNativeTarget "CustomeCollectionFlowLayoutTests" */;
			buildPhases = (
				07A5014D1D179BAF0018FE5C /* Sources */,
				07A5014E1D179BAF0018FE5C /* Frameworks */,
				07A5014F1D179BAF0018FE5C /* Resources */,
			);
			buildRules = (
			);
			dependencies = (
				07A501531D179BAF0018FE5C /* PBXTargetDependency */,
			);
			name = CustomeCollectionFlowLayoutTests;
			productName = CustomeCollectionFlowLayoutTests;
			productReference = 07A501511D179BAF0018FE5C /* CustomeCollectionFlowLayoutTests.xctest */;
			productType = "com.apple.product-type.bundle.unit-test";
		};
		07A5015B1D179BAF0018FE5C /* CustomeCollectionFlowLayoutUITests */ = {
			isa = PBXNativeTarget;
			buildConfigurationList = 07A5016B1D179BAF0018FE5C /* Build configuration list for PBXNativeTarget "CustomeCollectionFlowLayoutUITests" */;
			buildPhases = (
				07A501581D179BAF0018FE5C /* Sources */,
				07A501591D179BAF0018FE5C /* Frameworks */,
				07A5015A1D179BAF0018FE5C /* Resources */,
			);
			buildRules = (
			);
			dependencies = (
				07A5015E1D179BAF0018FE5C /* PBXTargetDependency */,
			);
			name = CustomeCollectionFlowLayoutUITests;
			productName = CustomeCollectionFlowLayoutUITests;
			productReference = 07A5015C1D179BAF0018FE5C /* CustomeCollectionFlowLayoutUITests.xctest */;
			productType = "com.apple.product-type.bundle.ui-testing";
		};
/* End PBXNativeTarget section */

/* Begin PBXProject section */
		07A501301D179BAF0018FE5C /* Project object */ = {
			isa = PBXProject;
			attributes = {
				LastUpgradeCheck = 0720;
				ORGANIZATIONNAME = fengsonglin;
				TargetAttributes = {
					07A501371D179BAF0018FE5C = {
						CreatedOnToolsVersion = 7.2;
					};
					07A501501D179BAF0018FE5C = {
						CreatedOnToolsVersion = 7.2;
						TestTargetID = 07A501371D179BAF0018FE5C;
					};
					07A5015B1D179BAF0018FE5C = {
						CreatedOnToolsVersion = 7.2;
						TestTargetID = 07A501371D179BAF0018FE5C;
					};
				};
			};
			buildConfigurationList = 07A501331D179BAF0018FE5C /* Build configuration list for PBXProject "CustomeCollectionFlowLayout" */;
			compatibilityVersion = "Xcode 3.2";
			developmentRegion = English;
			hasScannedForEncodings = 0;
			knownRegions = (
				en,
				Base,
			);
			mainGroup = 07A5012F1D179BAF0018FE5C;
			productRefGroup = 07A501391D179BAF0018FE5C /* Products */;
			projectDirPath = "";
			projectRoot = "";
			targets = (
				07A501371D179BAF0018FE5C /* CustomeCollectionFlowLayout */,
				07A501501D179BAF0018FE5C /* CustomeCollectionFlowLayoutTests */,
				07A5015B1D179BAF0018FE5C /* CustomeCollectionFlowLayoutUITests */,
			);
		};
/* End PBXProject section */

/* Begin PBXResourcesBuildPhase section */
		07A501361D179BAF0018FE5C /* Resources */ = {
			isa = PBXResourcesBuildPhase;
			buildActionMask = 2147483647;
			files = (
				07A5014B1D179BAF0018FE5C /* LaunchScreen.storyboard in Resources */,
				07A501751D179C270018FE5C /* SLPhotoCell.xib in Resources */,
				07A501771D17A2820018FE5C /* Assets.xcassets in Resources */,
				07A501461D179BAF0018FE5C /* Main.storyboard in Resources */,
			);
			runOnlyForDeploymentPostprocessing = 0;
		};
		07A5014F1D179BAF0018FE5C /* Resources */ = {
			isa = PBXResourcesBuildPhase;
			buildActionMask = 2147483647;
			files = (
			);
			runOnlyForDeploymentPostprocessing = 0;
		};
		07A5015A1D179BAF0018FE5C /* Resources */ = {
			isa = PBXResourcesBuildPhase;
			buildActionMask = 2147483647;
			files = (
			);
			runOnlyForDeploymentPostprocessing = 0;
		};
/* End PBXResourcesBuildPhase section */

/* Begin PBXSourcesBuildPhase section */
		07A501341D179BAF0018FE5C /* Sources */ = {
			isa = PBXSourcesBuildPhase;
			buildActionMask = 2147483647;
			files = (
				07A501701D179BEE0018FE5C /* SLGridLayout.m in Sources */,
				07A501431D179BAF0018FE5C /* ViewController.m in Sources */,
				07A501401D179BAF0018FE5C /* AppDelegate.m in Sources */,
				07A5013D1D179BAF0018FE5C /* main.m in Sources */,
				07A501741D179C270018FE5C /* SLPhotoCell.m in Sources */,
			);
			runOnlyForDeploymentPostprocessing = 0;
		};
		07A5014D1D179BAF0018FE5C /* Sources */ = {
			isa = PBXSourcesBuildPhase;
			buildActionMask = 2147483647;
			files = (
				07A501561D179BAF0018FE5C /* CustomeCollectionFlowLayoutTests.m in Sources */,
			);
			runOnlyForDeploymentPostprocessing = 0;
		};
		07A501581D179BAF0018FE5C /* Sources */ = {
			isa = PBXSourcesBuildPhase;
			buildActionMask = 2147483647;
			files = (
				07A501611D179BAF0018FE5C /* CustomeCollectionFlowLayoutUITests.m in Sources */,
			);
			runOnlyForDeploymentPostprocessing = 0;
		};
/* End PBXSourcesBuildPhase section */

/* Begin PBXTargetDependency section */
		07A501531D179BAF0018FE5C /* PBXTargetDependency */ = {
			isa = PBXTargetDependency;
			target = 07A501371D179BAF0018FE5C /* CustomeCollectionFlowLayout */;
			targetProxy = 07A501521D179BAF0018FE5C /* PBXContainerItemProxy */;
		};
		07A5015E1D179BAF0018FE5C /* PBXTargetDependency */ = {
			isa = PBXTargetDependency;
			target = 07A501371D179BAF0018FE5C /* CustomeCollectionFlowLayout */;
			targetProxy = 07A5015D1D179BAF0018FE5C /* PBXContainerItemProxy */;
		};
/* End PBXTargetDependency section */

/* Begin PBXVariantGroup section */
		07A501441D179BAF0018FE5C /* Main.storyboard */ = {
			isa = PBXVariantGroup;
			children = (
				07A501451D179BAF0018FE5C /* Base */,
			);
			name = Main.storyboard;
			sourceTree = "<group>";
		};
		07A501491D179BAF0018FE5C /* LaunchScreen.storyboard */ = {
			isa = PBXVariantGroup;
			children = (
				07A5014A1D179BAF0018FE5C /* Base */,
			);
			name = LaunchScreen.storyboard;
			sourceTree = "<group>";
		};
/* End PBXVariantGroup section */

/* Begin XCBuildConfiguration section */
		07A501631D179BAF0018FE5C /* Debug */ = {
			isa = XCBuildConfiguration;
			buildSettings = {
				ALWAYS_SEARCH_USER_PATHS = NO;
				CLANG_CXX_LANGUAGE_STANDARD = "gnu++0x";
				CLANG_CXX_LIBRARY = "libc++";
				CLANG_ENABLE_MODULES = YES;
				CLANG_ENABLE_OBJC_ARC = YES;
				CLANG_WARN_BOOL_CONVERSION = YES;
				CLANG_WARN_CONSTANT_CONVERSION = YES;
				CLANG_WARN_DIRECT_OBJC_ISA_USAGE = YES_ERROR;
				CLANG_WARN_EMPTY_BODY = YES;
				CLANG_WARN_ENUM_CONVERSION = YES;
				CLANG_WARN_INT_CONVERSION = YES;
				CLANG_WARN_OBJC_ROOT_CLASS = YES_ERROR;
				CLANG_WARN_UNREACHABLE_CODE = YES;
				CLANG_WARN__DUPLICATE_METHOD_MATCH = YES;
				"CODE_SIGN_IDENTITY[sdk=iphoneos*]" = "iPhone Developer";
				COPY_PHASE_STRIP = NO;
				DEBUG_INFORMATION_FORMAT = dwarf;
				ENABLE_STRICT_OBJC_MSGSEND = YES;
				ENABLE_TESTABILITY = YES;
				GCC_C_LANGUAGE_STANDARD = gnu99;
				GCC_DYNAMIC_NO_PIC = NO;
				GCC_NO_COMMON_BLOCKS = YES;
				GCC_OPTIMIZATION_LEVEL = 0;
				GCC_PREPROCESSOR_DEFINITIONS = (
					"DEBUG=1",
					"$(inherited)",
				);
				GCC_WARN_64_TO_32_BIT_CONVERSION = YES;
				GCC_WARN_ABOUT_RETURN_TYPE = YES_ERROR;
				GCC_WARN_UNDECLARED_SELECTOR = YES;
				GCC_WARN_UNINITIALIZED_AUTOS = YES_AGGRESSIVE;
				GCC_WARN_UNUSED_FUNCTION = YES;
				GCC_WARN_UNUSED_VARIABLE = YES;
				IPHONEOS_DEPLOYMENT_TARGET = 9.2;
				MTL_ENABLE_DEBUG_INFO = YES;
				ONLY_ACTIVE_ARCH = YES;
				SDKROOT = iphoneos;
				TARGETED_DEVICE_FAMILY = 2;
			};
			name = Debug;
		};
		07A501641D179BAF0018FE5C /* Release */ = {
			isa = XCBuildConfiguration;
			buildSettings = {
				ALWAYS_SEARCH_USER_PATHS = NO;
				CLANG_CXX_LANGUAGE_STANDARD = "gnu++0x";
				CLANG_CXX_LIBRARY = "libc++";
				CLANG_ENABLE_MODULES = YES;
				CLANG_ENABLE_OBJC_ARC = YES;
				CLANG_WARN_BOOL_CONVERSION = YES;
				CLANG_WARN_CONSTANT_CONVERSION = YES;
				CLANG_WARN_DIRECT_OBJC_ISA_USAGE = YES_ERROR;
				CLANG_WARN_EMPTY_BODY = YES;
				CLANG_WARN_ENUM_CONVERSION = YES;
				CLANG_WARN_INT_CONVERSION = YES;
				CLANG_WARN_OBJC_ROOT_CLASS = YES_ERROR;
				CLANG_WARN_UNREACHABLE_CODE = YES;
				CLANG_WARN__DUPLICATE_METHOD_MATCH = YES;
				"CODE_SIGN_IDENTITY[sdk=iphoneos*]" = "iPhone Developer";
				COPY_PHASE_STRIP = NO;
				DEBUG_INFORMATION_FORMAT = "dwarf-with-dsym";
				ENABLE_NS_ASSERTIONS = NO;
				ENABLE_STRICT_OBJC_MSGSEND = YES;
				GCC_C_LANGUAGE_STANDARD = gnu99;
				GCC_NO_COMMON_BLOCKS = YES;
				GCC_WARN_64_TO_32_BIT_CONVERSION = YES;
				GCC_WARN_ABOUT_RETURN_TYPE = YES_ERROR;
				GCC_WARN_UNDECLARED_SELECTOR = YES;
				GCC_WARN_UNINITIALIZED_AUTOS = YES_AGGRESSIVE;
				GCC_WARN_UNUSED_FUNCTION = YES;
				GCC_WARN_UNUSED_VARIABLE = YES;
				IPHONEOS_DEPLOYMENT_TARGET = 9.2;
				MTL_ENABLE_DEBUG_INFO = NO;
				SDKROOT = iphoneos;
				TARGETED_DEVICE_FAMILY = 2;
				VALIDATE_PRODUCT = YES;
			};
			name = Release;
		};
		07A501661D179BAF0018FE5C /* Debug */ = {
			isa = XCBuildConfiguration;
			buildSettings = {
				ASSETCATALOG_COMPILER_APPICON_NAME = AppIcon;
				INFOPLIST_FILE = CustomeCollectionFlowLayout/Info.plist;
				LD_RUNPATH_SEARCH_PATHS = "$(inherited) @executable_path/Frameworks";
				PRODUCT_BUNDLE_IDENTIFIER = com.forest.CustomeCollectionFlowLayout;
				PRODUCT_NAME = "$(TARGET_NAME)";
				TARGETED_DEVICE_FAMILY = 1;
			};
			name = Debug;
		};
		07A501671D179BAF0018FE5C /* Release */ = {
			isa = XCBuildConfiguration;
			buildSettings = {
				ASSETCATALOG_COMPILER_APPICON_NAME = AppIcon;
				INFOPLIST_FILE = CustomeCollectionFlowLayout/Info.plist;
				LD_RUNPATH_SEARCH_PATHS = "$(inherited) @executable_path/Frameworks";
				PRODUCT_BUNDLE_IDENTIFIER = com.forest.CustomeCollectionFlowLayout;
				PRODUCT_NAME = "$(TARGET_NAME)";
				TARGETED_DEVICE_FAMILY = 1;
			};
			name = Release;
		};
		07A501691D179BAF0018FE5C /* Debug */ = {
			isa = XCBuildConfiguration;
			buildSettings = {
				BUNDLE_LOADER = "$(TEST_HOST)";
				INFOPLIST_FILE = CustomeCollectionFlowLayoutTests/Info.plist;
				LD_RUNPATH_SEARCH_PATHS = "$(inherited) @executable_path/Frameworks @loader_path/Frameworks";
				PRODUCT_BUNDLE_IDENTIFIER = com.forest.CustomeCollectionFlowLayoutTests;
				PRODUCT_NAME = "$(TARGET_NAME)";
				TEST_HOST = "$(BUILT_PRODUCTS_DIR)/CustomeCollectionFlowLayout.app/CustomeCollectionFlowLayout";
			};
			name = Debug;
		};
		07A5016A1D179BAF0018FE5C /* Release */ = {
			isa = XCBuildConfiguration;
			buildSettings = {
				BUNDLE_LOADER = "$(TEST_HOST)";
				INFOPLIST_FILE = CustomeCollectionFlowLayoutTests/Info.plist;
				LD_RUNPATH_SEARCH_PATHS = "$(inherited) @executable_path/Frameworks @loader_path/Frameworks";
				PRODUCT_BUNDLE_IDENTIFIER = com.forest.CustomeCollectionFlowLayoutTests;
				PRODUCT_NAME = "$(TARGET_NAME)";
				TEST_HOST = "$(BUILT_PRODUCTS_DIR)/CustomeCollectionFlowLayout.app/CustomeCollectionFlowLayout";
			};
			name = Release;
		};
		07A5016C1D179BAF0018FE5C /* Debug */ = {
			isa = XCBuildConfiguration;
			buildSettings = {
				INFOPLIST_FILE = CustomeCollectionFlowLayoutUITests/Info.plist;
				LD_RUNPATH_SEARCH_PATHS = "$(inherited) @executable_path/Frameworks @loader_path/Frameworks";
				PRODUCT_BUNDLE_IDENTIFIER = com.forest.CustomeCollectionFlowLayoutUITests;
				PRODUCT_NAME = "$(TARGET_NAME)";
				TEST_TARGET_NAME = CustomeCollectionFlowLayout;
				USES_XCTRUNNER = YES;
			};
			name = Debug;
		};
		07A5016D1D179BAF0018FE5C /* Release */ = {
			isa = XCBuildConfiguration;
			buildSettings = {
				INFOPLIST_FILE = CustomeCollectionFlowLayoutUITests/Info.plist;
				LD_RUNPATH_SEARCH_PATHS = "$(inherited) @executable_path/Frameworks @loader_path/Frameworks";
				PRODUCT_BUNDLE_IDENTIFIER = com.forest.CustomeCollectionFlowLayoutUITests;
				PRODUCT_NAME = "$(TARGET_NAME)";
				TEST_TARGET_NAME = CustomeCollectionFlowLayout;
				USES_XCTRUNNER = YES;
			};
			name = Release;
		};
/* End XCBuildConfiguration section */

/* Begin XCConfigurationList section */
		07A501331D179BAF0018FE5C /* Build configuration list for PBXProject "CustomeCollectionFlowLayout" */ = {
			isa = XCConfigurationList;
			buildConfigurations = (
				07A501631D179BAF0018FE5C /* Debug */,
				07A501641D179BAF0018FE5C /* Release */,
			);
			defaultConfigurationIsVisible = 0;
			defaultConfigurationName = Release;
		};
		07A501651D179BAF0018FE5C /* Build configuration list for PBXNativeTarget "CustomeCollectionFlowLayout" */ = {
			isa = XCConfigurationList;
			buildConfigurations = (
				07A501661D179BAF0018FE5C /* Debug */,
				07A501671D179BAF0018FE5C /* Release */,
			);
			defaultConfigurationIsVisible = 0;
		};
		07A501681D179BAF0018FE5C /* Build configuration list for PBXNativeTarget "CustomeCollectionFlowLayoutTests" */ = {
			isa = XCConfigurationList;
			buildConfigurations = (
				07A501691D179BAF0018FE5C /* Debug */,
				07A5016A1D179BAF0018FE5C /* Release */,
			);
			defaultConfigurationIsVisible = 0;
		};
		07A5016B1D179BAF0018FE5C /* Build configuration list for PBXNativeTarget "CustomeCollectionFlowLayoutUITests" */ = {
			isa = XCConfigurationList;
			buildConfigurations = (
				07A5016C1D179BAF0018FE5C /* Debug */,
				07A5016D1D179BAF0018FE5C /* Release */,
			);
			defaultConfigurationIsVisible = 0;
		};
/* End XCConfigurationList section */
	};
	rootObject = 07A501301D179BAF0018FE5C /* Project object */;
}
